
Microsoft Visual Studio Solution File, Format Version 12.00
# Visual Studio Version 17
VisualStudioVersion = 17.0.31903.59
MinimumVisualStudioVersion = 10.0.40219.1
Project("{2150E333-8FDC-42A3-9474-1A3956D46DE8}") = "src", "src", "{827E0CD3-B72D-47B6-A68D-7590B98EB39B}"
EndProject
Project("{FAE04EC0-301F-11D3-BF4B-00C04F79EFBC}") = "CCA.Sync.Domain", "src\CCA.Sync.Domain\CCA.Sync.Domain.csproj", "{2988680D-CF01-40BB-AD36-E3DA302BE002}"
EndProject
Project("{FAE04EC0-301F-11D3-BF4B-00C04F79EFBC}") = "CCA.Sync.Shared", "src\CCA.Sync.Shared\CCA.Sync.Shared.csproj", "{3729B397-98C3-4952-B9FD-884EA1620923}"
EndProject
Project("{FAE04EC0-301F-11D3-BF4B-00C04F79EFBC}") = "CCA.Sync.Application", "src\CCA.Sync.Application\CCA.Sync.Application.csproj", "{F2293B0A-DC33-4377-B526-39119696EC8B}"
EndProject
Project("{FAE04EC0-301F-11D3-BF4B-00C04F79EFBC}") = "CCA.Sync.Infrastructure", "src\CCA.Sync.Infrastructure\CCA.Sync.Infrastructure.csproj", "{FD6748B4-00BC-4462-8ECA-97DCF086EEC8}"
EndProject
Project("{FAE04EC0-301F-11D3-BF4B-00C04F79EFBC}") = "CCA.Sync.WebApi", "src\CCA.Sync.WebApi\CCA.Sync.WebApi.csproj", "{A7922ED6-40DE-415D-951B-41F24EB6801C}"
EndProject
Project("{FAE04EC0-301F-11D3-BF4B-00C04F79EFBC}") = "CCA.Sync.Worker", "src\CCA.Sync.Worker\CCA.Sync.Worker.csproj", "{7066507C-5114-4ED4-9D42-F55D19486268}"
EndProject
Project("{2150E333-8FDC-42A3-9474-1A3956D46DE8}") = "tests", "tests", "{0AB3BF05-4346-4AA6-1389-037BE0695223}"
EndProject
Project("{FAE04EC0-301F-11D3-BF4B-00C04F79EFBC}") = "Domain.Tests", "tests\Domain.Tests\Domain.Tests.csproj", "{B1673931-9D2E-4999-96E6-87D5D9BA7587}"
EndProject
Project("{FAE04EC0-301F-11D3-BF4B-00C04F79EFBC}") = "Application.Tests", "tests\Application.Tests\Application.Tests.csproj", "{4E8B875D-15C5-4456-B52F-9CDDDFB670AB}"
EndProject
Project("{FAE04EC0-301F-11D3-BF4B-00C04F79EFBC}") = "Infrastructure.Tests", "tests\Infrastructure.Tests\Infrastructure.Tests.csproj", "{788F5A39-9DFC-4542-BB2C-B919A2FA1D37}"
EndProject
Project("{FAE04EC0-301F-11D3-BF4B-00C04F79EFBC}") = "Integration.Tests", "tests\Integration.Tests\Integration.Tests.csproj", "{FB6F0A7D-23AB-4F2D-9CB7-B449725A72FF}"
EndProject
Global
	GlobalSection(SolutionConfigurationPlatforms) = preSolution
		Debug|Any CPU = Debug|Any CPU
		Debug|x64 = Debug|x64
		Debug|x86 = Debug|x86
		Release|Any CPU = Release|Any CPU
		Release|x64 = Release|x64
		Release|x86 = Release|x86
	EndGlobalSection
	GlobalSection(ProjectConfigurationPlatforms) = postSolution
		{2988680D-CF01-40BB-AD36-E3DA302BE002}.Debug|Any CPU.ActiveCfg = Debug|Any CPU
		{2988680D-CF01-40BB-AD36-E3DA302BE002}.Debug|Any CPU.Build.0 = Debug|Any CPU
		{2988680D-CF01-40BB-AD36-E3DA302BE002}.Debug|x64.ActiveCfg = Debug|Any CPU
		{2988680D-CF01-40BB-AD36-E3DA302BE002}.Debug|x64.Build.0 = Debug|Any CPU
		{2988680D-CF01-40BB-AD36-E3DA302BE002}.Debug|x86.ActiveCfg = Debug|Any CPU
		{2988680D-CF01-40BB-AD36-E3DA302BE002}.Debug|x86.Build.0 = Debug|Any CPU
		{2988680D-CF01-40BB-AD36-E3DA302BE002}.Release|Any CPU.ActiveCfg = Release|Any CPU
		{2988680D-CF01-40BB-AD36-E3DA302BE002}.Release|Any CPU.Build.0 = Release|Any CPU
		{2988680D-CF01-40BB-AD36-E3DA302BE002}.Release|x64.ActiveCfg = Release|Any CPU
		{2988680D-CF01-40BB-AD36-E3DA302BE002}.Release|x64.Build.0 = Release|Any CPU
		{2988680D-CF01-40BB-AD36-E3DA302BE002}.Release|x86.ActiveCfg = Release|Any CPU
		{2988680D-CF01-40BB-AD36-E3DA302BE002}.Release|x86.Build.0 = Release|Any CPU
		{3729B397-98C3-4952-B9FD-884EA1620923}.Debug|Any CPU.ActiveCfg = Debug|Any CPU
		{3729B397-98C3-4952-B9FD-884EA1620923}.Debug|Any CPU.Build.0 = Debug|Any CPU
		{3729B397-98C3-4952-B9FD-884EA1620923}.Debug|x64.ActiveCfg = Debug|Any CPU
		{3729B397-98C3-4952-B9FD-884EA1620923}.Debug|x64.Build.0 = Debug|Any CPU
		{3729B397-98C3-4952-B9FD-884EA1620923}.Debug|x86.ActiveCfg = Debug|Any CPU
		{3729B397-98C3-4952-B9FD-884EA1620923}.Debug|x86.Build.0 = Debug|Any CPU
		{3729B397-98C3-4952-B9FD-884EA1620923}.Release|Any CPU.ActiveCfg = Release|Any CPU
		{3729B397-98C3-4952-B9FD-884EA1620923}.Release|Any CPU.Build.0 = Release|Any CPU
		{3729B397-98C3-4952-B9FD-884EA1620923}.Release|x64.ActiveCfg = Release|Any CPU
		{3729B397-98C3-4952-B9FD-884EA1620923}.Release|x64.Build.0 = Release|Any CPU
		{3729B397-98C3-4952-B9FD-884EA1620923}.Release|x86.ActiveCfg = Release|Any CPU
		{3729B397-98C3-4952-B9FD-884EA1620923}.Release|x86.Build.0 = Release|Any CPU
		{F2293B0A-DC33-4377-B526-39119696EC8B}.Debug|Any CPU.ActiveCfg = Debug|Any CPU
		{F2293B0A-DC33-4377-B526-39119696EC8B}.Debug|Any CPU.Build.0 = Debug|Any CPU
		{F2293B0A-DC33-4377-B526-39119696EC8B}.Debug|x64.ActiveCfg = Debug|Any CPU
		{F2293B0A-DC33-4377-B526-39119696EC8B}.Debug|x64.Build.0 = Debug|Any CPU
		{F2293B0A-DC33-4377-B526-39119696EC8B}.Debug|x86.ActiveCfg = Debug|Any CPU
		{F2293B0A-DC33-4377-B526-39119696EC8B}.Debug|x86.Build.0 = Debug|Any CPU
		{F2293B0A-DC33-4377-B526-39119696EC8B}.Release|Any CPU.ActiveCfg = Release|Any CPU
		{F2293B0A-DC33-4377-B526-39119696EC8B}.Release|Any CPU.Build.0 = Release|Any CPU
		{F2293B0A-DC33-4377-B526-39119696EC8B}.Release|x64.ActiveCfg = Release|Any CPU
		{F2293B0A-DC33-4377-B526-39119696EC8B}.Release|x64.Build.0 = Release|Any CPU
		{F2293B0A-DC33-4377-B526-39119696EC8B}.Release|x86.ActiveCfg = Release|Any CPU
		{F2293B0A-DC33-4377-B526-39119696EC8B}.Release|x86.Build.0 = Release|Any CPU
		{FD6748B4-00BC-4462-8ECA-97DCF086EEC8}.Debug|Any CPU.ActiveCfg = Debug|Any CPU
		{FD6748B4-00BC-4462-8ECA-97DCF086EEC8}.Debug|Any CPU.Build.0 = Debug|Any CPU
		{FD6748B4-00BC-4462-8ECA-97DCF086EEC8}.Debug|x64.ActiveCfg = Debug|Any CPU
		{FD6748B4-00BC-4462-8ECA-97DCF086EEC8}.Debug|x64.Build.0 = Debug|Any CPU
		{FD6748B4-00BC-4462-8ECA-97DCF086EEC8}.Debug|x86.ActiveCfg = Debug|Any CPU
		{FD6748B4-00BC-4462-8ECA-97DCF086EEC8}.Debug|x86.Build.0 = Debug|Any CPU
		{FD6748B4-00BC-4462-8ECA-97DCF086EEC8}.Release|Any CPU.ActiveCfg = Release|Any CPU
		{FD6748B4-00BC-4462-8ECA-97DCF086EEC8}.Release|Any CPU.Build.0 = Release|Any CPU
		{FD6748B4-00BC-4462-8ECA-97DCF086EEC8}.Release|x64.ActiveCfg = Release|Any CPU
		{FD6748B4-00BC-4462-8ECA-97DCF086EEC8}.Release|x64.Build.0 = Release|Any CPU
		{FD6748B4-00BC-4462-8ECA-97DCF086EEC8}.Release|x86.ActiveCfg = Release|Any CPU
		{FD6748B4-00BC-4462-8ECA-97DCF086EEC8}.Release|x86.Build.0 = Release|Any CPU
		{A7922ED6-40DE-415D-951B-41F24EB6801C}.Debug|Any CPU.ActiveCfg = Debug|Any CPU
		{A7922ED6-40DE-415D-951B-41F24EB6801C}.Debug|Any CPU.Build.0 = Debug|Any CPU
		{A7922ED6-40DE-415D-951B-41F24EB6801C}.Debug|x64.ActiveCfg = Debug|Any CPU
		{A7922ED6-40DE-415D-951B-41F24EB6801C}.Debug|x64.Build.0 = Debug|Any CPU
		{A7922ED6-40DE-415D-951B-41F24EB6801C}.Debug|x86.ActiveCfg = Debug|Any CPU
		{A7922ED6-40DE-415D-951B-41F24EB6801C}.Debug|x86.Build.0 = Debug|Any CPU
		{A7922ED6-40DE-415D-951B-41F24EB6801C}.Release|Any CPU.ActiveCfg = Release|Any CPU
		{A7922ED6-40DE-415D-951B-41F24EB6801C}.Release|Any CPU.Build.0 = Release|Any CPU
		{A7922ED6-40DE-415D-951B-41F24EB6801C}.Release|x64.ActiveCfg = Release|Any CPU
		{A7922ED6-40DE-415D-951B-41F24EB6801C}.Release|x64.Build.0 = Release|Any CPU
		{A7922ED6-40DE-415D-951B-41F24EB6801C}.Release|x86.ActiveCfg = Release|Any CPU
		{A7922ED6-40DE-415D-951B-41F24EB6801C}.Release|x86.Build.0 = Release|Any CPU
		{7066507C-5114-4ED4-9D42-F55D19486268}.Debug|Any CPU.ActiveCfg = Debug|Any CPU
		{7066507C-5114-4ED4-9D42-F55D19486268}.Debug|Any CPU.Build.0 = Debug|Any CPU
		{7066507C-5114-4ED4-9D42-F55D19486268}.Debug|x64.ActiveCfg = Debug|Any CPU
		{7066507C-5114-4ED4-9D42-F55D19486268}.Debug|x64.Build.0 = Debug|Any CPU
		{7066507C-5114-4ED4-9D42-F55D19486268}.Debug|x86.ActiveCfg = Debug|Any CPU
		{7066507C-5114-4ED4-9D42-F55D19486268}.Debug|x86.Build.0 = Debug|Any CPU
		{7066507C-5114-4ED4-9D42-F55D19486268}.Release|Any CPU.ActiveCfg = Release|Any CPU
		{7066507C-5114-4ED4-9D42-F55D19486268}.Release|Any CPU.Build.0 = Release|Any CPU
		{7066507C-5114-4ED4-9D42-F55D19486268}.Release|x64.ActiveCfg = Release|Any CPU
		{7066507C-5114-4ED4-9D42-F55D19486268}.Release|x64.Build.0 = Release|Any CPU
		{7066507C-5114-4ED4-9D42-F55D19486268}.Release|x86.ActiveCfg = Release|Any CPU
		{7066507C-5114-4ED4-9D42-F55D19486268}.Release|x86.Build.0 = Release|Any CPU
		{B1673931-9D2E-4999-96E6-87D5D9BA7587}.Debug|Any CPU.ActiveCfg = Debug|Any CPU
		{B1673931-9D2E-4999-96E6-87D5D9BA7587}.Debug|Any CPU.Build.0 = Debug|Any CPU
		{B1673931-9D2E-4999-96E6-87D5D9BA7587}.Debug|x64.ActiveCfg = Debug|Any CPU
		{B1673931-9D2E-4999-96E6-87D5D9BA7587}.Debug|x64.Build.0 = Debug|Any CPU
		{B1673931-9D2E-4999-96E6-87D5D9BA7587}.Debug|x86.ActiveCfg = Debug|Any CPU
		{B1673931-9D2E-4999-96E6-87D5D9BA7587}.Debug|x86.Build.0 = Debug|Any CPU
		{B1673931-9D2E-4999-96E6-87D5D9BA7587}.Release|Any CPU.ActiveCfg = Release|Any CPU
		{B1673931-9D2E-4999-96E6-87D5D9BA7587}.Release|Any CPU.Build.0 = Release|Any CPU
		{B1673931-9D2E-4999-96E6-87D5D9BA7587}.Release|x64.ActiveCfg = Release|Any CPU
		{B1673931-9D2E-4999-96E6-87D5D9BA7587}.Release|x64.Build.0 = Release|Any CPU
		{B1673931-9D2E-4999-96E6-87D5D9BA7587}.Release|x86.ActiveCfg = Release|Any CPU
		{B1673931-9D2E-4999-96E6-87D5D9BA7587}.Release|x86.Build.0 = Release|Any CPU
		{4E8B875D-15C5-4456-B52F-9CDDDFB670AB}.Debug|Any CPU.ActiveCfg = Debug|Any CPU
		{4E8B875D-15C5-4456-B52F-9CDDDFB670AB}.Debug|Any CPU.Build.0 = Debug|Any CPU
		{4E8B875D-15C5-4456-B52F-9CDDDFB670AB}.Debug|x64.ActiveCfg = Debug|Any CPU
		{4E8B875D-15C5-4456-B52F-9CDDDFB670AB}.Debug|x64.Build.0 = Debug|Any CPU
		{4E8B875D-15C5-4456-B52F-9CDDDFB670AB}.Debug|x86.ActiveCfg = Debug|Any CPU
		{4E8B875D-15C5-4456-B52F-9CDDDFB670AB}.Debug|x86.Build.0 = Debug|Any CPU
		{4E8B875D-15C5-4456-B52F-9CDDDFB670AB}.Release|Any CPU.ActiveCfg = Release|Any CPU
		{4E8B875D-15C5-4456-B52F-9CDDDFB670AB}.Release|Any CPU.Build.0 = Release|Any CPU
		{4E8B875D-15C5-4456-B52F-9CDDDFB670AB}.Release|x64.ActiveCfg = Release|Any CPU
		{4E8B875D-15C5-4456-B52F-9CDDDFB670AB}.Release|x64.Build.0 = Release|Any CPU
		{4E8B875D-15C5-4456-B52F-9CDDDFB670AB}.Release|x86.ActiveCfg = Release|Any CPU
		{4E8B875D-15C5-4456-B52F-9CDDDFB670AB}.Release|x86.Build.0 = Release|Any CPU
		{788F5A39-9DFC-4542-BB2C-B919A2FA1D37}.Debug|Any CPU.ActiveCfg = Debug|Any CPU
		{788F5A39-9DFC-4542-BB2C-B919A2FA1D37}.Debug|Any CPU.Build.0 = Debug|Any CPU
		{788F5A39-9DFC-4542-BB2C-B919A2FA1D37}.Debug|x64.ActiveCfg = Debug|Any CPU
		{788F5A39-9DFC-4542-BB2C-B919A2FA1D37}.Debug|x64.Build.0 = Debug|Any CPU
		{788F5A39-9DFC-4542-BB2C-B919A2FA1D37}.Debug|x86.ActiveCfg = Debug|Any CPU
		{788F5A39-9DFC-4542-BB2C-B919A2FA1D37}.Debug|x86.Build.0 = Debug|Any CPU
		{788F5A39-9DFC-4542-BB2C-B919A2FA1D37}.Release|Any CPU.ActiveCfg = Release|Any CPU
		{788F5A39-9DFC-4542-BB2C-B919A2FA1D37}.Release|Any CPU.Build.0 = Release|Any CPU
		{788F5A39-9DFC-4542-BB2C-B919A2FA1D37}.Release|x64.ActiveCfg = Release|Any CPU
		{788F5A39-9DFC-4542-BB2C-B919A2FA1D37}.Release|x64.Build.0 = Release|Any CPU
		{788F5A39-9DFC-4542-BB2C-B919A2FA1D37}.Release|x86.ActiveCfg = Release|Any CPU
		{788F5A39-9DFC-4542-BB2C-B919A2FA1D37}.Release|x86.Build.0 = Release|Any CPU
		{FB6F0A7D-23AB-4F2D-9CB7-B449725A72FF}.Debug|Any CPU.ActiveCfg = Debug|Any CPU
		{FB6F0A7D-23AB-4F2D-9CB7-B449725A72FF}.Debug|Any CPU.Build.0 = Debug|Any CPU
		{FB6F0A7D-23AB-4F2D-9CB7-B449725A72FF}.Debug|x64.ActiveCfg = Debug|Any CPU
		{FB6F0A7D-23AB-4F2D-9CB7-B449725A72FF}.Debug|x64.Build.0 = Debug|Any CPU
		{FB6F0A7D-23AB-4F2D-9CB7-B449725A72FF}.Debug|x86.ActiveCfg = Debug|Any CPU
		{FB6F0A7D-23AB-4F2D-9CB7-B449725A72FF}.Debug|x86.Build.0 = Debug|Any CPU
		{FB6F0A7D-23AB-4F2D-9CB7-B449725A72FF}.Release|Any CPU.ActiveCfg = Release|Any CPU
		{FB6F0A7D-23AB-4F2D-9CB7-B449725A72FF}.Release|Any CPU.Build.0 = Release|Any CPU
		{FB6F0A7D-23AB-4F2D-9CB7-B449725A72FF}.Release|x64.ActiveCfg = Release|Any CPU
		{FB6F0A7D-23AB-4F2D-9CB7-B449725A72FF}.Release|x64.Build.0 = Release|Any CPU
		{FB6F0A7D-23AB-4F2D-9CB7-B449725A72FF}.Release|x86.ActiveCfg = Release|Any CPU
		{FB6F0A7D-23AB-4F2D-9CB7-B449725A72FF}.Release|x86.Build.0 = Release|Any CPU
	EndGlobalSection
	GlobalSection(SolutionProperties) = preSolution
		HideSolutionNode = FALSE
	EndGlobalSection
	GlobalSection(NestedProjects) = preSolution
		{2988680D-CF01-40BB-AD36-E3DA302BE002} = {827E0CD3-B72D-47B6-A68D-7590B98EB39B}
		{3729B397-98C3-4952-B9FD-884EA1620923} = {827E0CD3-B72D-47B6-A68D-7590B98EB39B}
		{F2293B0A-DC33-4377-B526-39119696EC8B} = {827E0CD3-B72D-47B6-A68D-7590B98EB39B}
		{FD6748B4-00BC-4462-8ECA-97DCF086EEC8} = {827E0CD3-B72D-47B6-A68D-7590B98EB39B}
		{A7922ED6-40DE-415D-951B-41F24EB6801C} = {827E0CD3-B72D-47B6-A68D-7590B98EB39B}
		{7066507C-5114-4ED4-9D42-F55D19486268} = {827E0CD3-B72D-47B6-A68D-7590B98EB39B}
		{B1673931-9D2E-4999-96E6-87D5D9BA7587} = {0AB3BF05-4346-4AA6-1389-037BE0695223}
		{4E8B875D-15C5-4456-B52F-9CDDDFB670AB} = {0AB3BF05-4346-4AA6-1389-037BE0695223}
		{788F5A39-9DFC-4542-BB2C-B919A2FA1D37} = {0AB3BF05-4346-4AA6-1389-037BE0695223}
		{FB6F0A7D-23AB-4F2D-9CB7-B449725A72FF} = {0AB3BF05-4346-4AA6-1389-037BE0695223}
	EndGlobalSection
EndGlobal
